{
  "version": 4,
  "terraform_version": "1.0.2",
  "serial": 126,
  "lineage": "cade53a5-a5c0-15fc-9219-4380865e64b2",
  "outputs": {},
  "resources": [
    {
      "module": "module.oke.module.base.module.vcn",
      "mode": "data",
      "type": "oci_core_services",
      "name": "all_oci_services",
      "provider": "provider[\"registry.terraform.io/hashicorp/oci\"]",
      "instances": [
        {
          "index_key": 0,
          "schema_version": 0,
          "attributes": {
            "filter": [
              {
                "name": "name",
                "regex": true,
                "values": [
                  "All .* Services In Oracle Services Network"
                ]
              }
            ],
            "id": "CoreServicesDataSource-0",
            "services": [
              {
                "cidr_block": "all-fra-services-in-oracle-services-network",
                "description": "All FRA Services In Oracle Services Network",
                "id": "ocid1.service.oc1.eu-frankfurt-1.aaaaaaaa7ncsqkj6lkz36dehifizupyn6qjqsmtepsegs23yyntnsy7qrvea",
                "name": "All FRA Services In Oracle Services Network"
              }
            ]
          },
          "sensitive_attributes": []
        }
      ]
    },
    {
      "module": "module.oke.module.base.module.vcn",
      "mode": "managed",
      "type": "oci_core_internet_gateway",
      "name": "ig",
      "provider": "provider[\"registry.terraform.io/hashicorp/oci\"]",
      "instances": [
        {
          "index_key": 0,
          "schema_version": 0,
          "attributes": {
            "compartment_id": "ocid1.compartment.oc1..aaaaaaaawb5bs2tee5hxwyor7evurum3voo6eq5ub73a3fpxvuv4q5zmckra",
            "defined_tags": {
              "Oracle-Tags.CreatedBy": "oracleidentitycloudservice/francesco.costa@oracle.com",
              "Oracle-Tags.CreatedOn": "2021-07-21T21:09:46.698Z",
              "Schedule.AnyDay": "*,*,*,*,*,*,*,*,*,*,*,*,*,*,*,*,0,*,*,*,*,*,*,*"
            },
            "display_name": "dev-internet-gateway",
            "enabled": true,
            "freeform_tags": {
              "environment": "dev"
            },
            "id": "ocid1.internetgateway.oc1.eu-frankfurt-1.aaaaaaaar2bhcy55g3lxpwfdlqw7hpzssrxgszlheeldpxf7vzdpoyuaxqoq",
            "state": "AVAILABLE",
            "time_created": "2021-07-21 21:09:46.743 +0000 UTC",
            "timeouts": null,
            "vcn_id": "ocid1.vcn.oc1.eu-frankfurt-1.amaaaaaazjgvoqyauyfhjdcajbxol4j3vuyeljoiccsivtjttraetb3oplca"
          },
          "sensitive_attributes": [],
          "private": "eyJlMmJmYjczMC1lY2FhLTExZTYtOGY4OC0zNDM2M2JjN2M0YzAiOnsiY3JlYXRlIjoxMjAwMDAwMDAwMDAwLCJkZWxldGUiOjEyMDAwMDAwMDAwMDAsInVwZGF0ZSI6MTIwMDAwMDAwMDAwMH19",
          "dependencies": [
            "module.oke.module.base.module.vcn.oci_core_vcn.vcn"
          ]
        }
      ]
    },
    {
      "module": "module.oke.module.base.module.vcn",
      "mode": "managed",
      "type": "oci_core_nat_gateway",
      "name": "nat_gateway",
      "provider": "provider[\"registry.terraform.io/hashicorp/oci\"]",
      "instances": [
        {
          "index_key": 0,
          "schema_version": 0,
          "attributes": {
            "block_traffic": false,
            "compartment_id": "ocid1.compartment.oc1..aaaaaaaawb5bs2tee5hxwyor7evurum3voo6eq5ub73a3fpxvuv4q5zmckra",
            "defined_tags": {
              "Oracle-Tags.CreatedBy": "oracleidentitycloudservice/francesco.costa@oracle.com",
              "Oracle-Tags.CreatedOn": "2021-07-21T21:09:46.712Z",
              "Schedule.AnyDay": "*,*,*,*,*,*,*,*,*,*,*,*,*,*,*,*,0,*,*,*,*,*,*,*"
            },
            "display_name": "dev-nat-gateway",
            "freeform_tags": {
              "environment": "dev"
            },
            "id": "ocid1.natgateway.oc1.eu-frankfurt-1.aaaaaaaa2wqhv2k6ihvvuyyv57woflobg6zxosh6rulnokhc2544za6bbl6a",
            "nat_ip": "158.101.180.172",
            "public_ip_id": "ocid1.publicip.oc1.eu-frankfurt-1.aaaaaaaas7r3sgdiui3ylmlh46l7he7t23yn4i7e63yun45cm2v27cvjtowq",
            "state": "AVAILABLE",
            "time_created": "2021-07-21 21:09:47.018 +0000 UTC",
            "timeouts": null,
            "vcn_id": "ocid1.vcn.oc1.eu-frankfurt-1.amaaaaaazjgvoqyauyfhjdcajbxol4j3vuyeljoiccsivtjttraetb3oplca"
          },
          "sensitive_attributes": [],
          "private": "eyJlMmJmYjczMC1lY2FhLTExZTYtOGY4OC0zNDM2M2JjN2M0YzAiOnsiY3JlYXRlIjoxMjAwMDAwMDAwMDAwLCJkZWxldGUiOjEyMDAwMDAwMDAwMDAsInVwZGF0ZSI6MTIwMDAwMDAwMDAwMH19",
          "dependencies": [
            "module.oke.module.base.module.vcn.oci_core_vcn.vcn"
          ]
        }
      ]
    },
    {
      "module": "module.oke.module.base.module.vcn",
      "mode": "managed",
      "type": "oci_core_route_table",
      "name": "ig",
      "provider": "provider[\"registry.terraform.io/hashicorp/oci\"]",
      "instances": [
        {
          "index_key": 0,
          "schema_version": 0,
          "attributes": {
            "compartment_id": "ocid1.compartment.oc1..aaaaaaaawb5bs2tee5hxwyor7evurum3voo6eq5ub73a3fpxvuv4q5zmckra",
            "defined_tags": {
              "Oracle-Tags.CreatedBy": "oracleidentitycloudservice/francesco.costa@oracle.com",
              "Oracle-Tags.CreatedOn": "2021-07-21T21:09:47.077Z",
              "Schedule.AnyDay": "*,*,*,*,*,*,*,*,*,*,*,*,*,*,*,*,0,*,*,*,*,*,*,*"
            },
            "display_name": "dev-internet-route",
            "freeform_tags": {
              "environment": "dev"
            },
            "id": "ocid1.routetable.oc1.eu-frankfurt-1.aaaaaaaaujecduuabifrzfm2nb7lr622ji3nyhbk35fvpjbcl3vhorn67v6a",
            "route_rules": [
              {
                "cidr_block": "",
                "description": "Terraformed - Auto-generated at Internet Gateway creation: Internet Gateway as default gateway",
                "destination": "0.0.0.0/0",
                "destination_type": "CIDR_BLOCK",
                "network_entity_id": "ocid1.internetgateway.oc1.eu-frankfurt-1.aaaaaaaar2bhcy55g3lxpwfdlqw7hpzssrxgszlheeldpxf7vzdpoyuaxqoq"
              }
            ],
            "state": "AVAILABLE",
            "time_created": "2021-07-21 21:09:47.101 +0000 UTC",
            "timeouts": null,
            "vcn_id": "ocid1.vcn.oc1.eu-frankfurt-1.amaaaaaazjgvoqyauyfhjdcajbxol4j3vuyeljoiccsivtjttraetb3oplca"
          },
          "sensitive_attributes": [],
          "private": "eyJlMmJmYjczMC1lY2FhLTExZTYtOGY4OC0zNDM2M2JjN2M0YzAiOnsiY3JlYXRlIjoxMjAwMDAwMDAwMDAwLCJkZWxldGUiOjEyMDAwMDAwMDAwMDAsInVwZGF0ZSI6MTIwMDAwMDAwMDAwMH19",
          "dependencies": [
            "module.oke.module.base.module.vcn.oci_core_drg.drg",
            "module.oke.module.base.module.vcn.oci_core_internet_gateway.ig",
            "module.oke.module.base.module.vcn.oci_core_vcn.vcn"
          ]
        }
      ]
    },
    {
      "module": "module.oke.module.base.module.vcn",
      "mode": "managed",
      "type": "oci_core_route_table",
      "name": "nat",
      "provider": "provider[\"registry.terraform.io/hashicorp/oci\"]",
      "instances": [
        {
          "index_key": 0,
          "schema_version": 0,
          "attributes": {
            "compartment_id": "ocid1.compartment.oc1..aaaaaaaawb5bs2tee5hxwyor7evurum3voo6eq5ub73a3fpxvuv4q5zmckra",
            "defined_tags": {
              "Oracle-Tags.CreatedBy": "oracleidentitycloudservice/francesco.costa@oracle.com",
              "Oracle-Tags.CreatedOn": "2021-07-21T21:09:48.141Z",
              "Schedule.AnyDay": "*,*,*,*,*,*,*,*,*,*,*,*,*,*,*,*,0,*,*,*,*,*,*,*"
            },
            "display_name": "dev-nat-route",
            "freeform_tags": {
              "environment": "dev"
            },
            "id": "ocid1.routetable.oc1.eu-frankfurt-1.aaaaaaaak3gzq3uicekuuoqrny36swh4vxvvuafot2fr4wlpqjiwg5juxbva",
            "route_rules": [
              {
                "cidr_block": "",
                "description": "Terraformed - Auto-generated at NAT Gateway creation: NAT Gateway as default gateway",
                "destination": "0.0.0.0/0",
                "destination_type": "CIDR_BLOCK",
                "network_entity_id": "ocid1.natgateway.oc1.eu-frankfurt-1.aaaaaaaa2wqhv2k6ihvvuyyv57woflobg6zxosh6rulnokhc2544za6bbl6a"
              },
              {
                "cidr_block": "",
                "description": "Terraformed - Auto-generated at Service Gateway creation: All Services in region to Service Gateway",
                "destination": "all-fra-services-in-oracle-services-network",
                "destination_type": "SERVICE_CIDR_BLOCK",
                "network_entity_id": "ocid1.servicegateway.oc1.eu-frankfurt-1.aaaaaaaa57ouqmdvdkldkkzfvzzuz2eqt6eahzjx2k2bbv2eftgisp2b5oaq"
              }
            ],
            "state": "AVAILABLE",
            "time_created": "2021-07-21 21:09:48.187 +0000 UTC",
            "timeouts": null,
            "vcn_id": "ocid1.vcn.oc1.eu-frankfurt-1.amaaaaaazjgvoqyauyfhjdcajbxol4j3vuyeljoiccsivtjttraetb3oplca"
          },
          "sensitive_attributes": [],
          "private": "eyJlMmJmYjczMC1lY2FhLTExZTYtOGY4OC0zNDM2M2JjN2M0YzAiOnsiY3JlYXRlIjoxMjAwMDAwMDAwMDAwLCJkZWxldGUiOjEyMDAwMDAwMDAwMDAsInVwZGF0ZSI6MTIwMDAwMDAwMDAwMH19",
          "dependencies": [
            "module.oke.module.base.module.vcn.oci_core_vcn.vcn",
            "module.oke.module.base.module.vcn.data.oci_core_services.all_oci_services",
            "module.oke.module.base.module.vcn.oci_core_drg.drg",
            "module.oke.module.base.module.vcn.oci_core_nat_gateway.nat_gateway",
            "module.oke.module.base.module.vcn.oci_core_service_gateway.service_gateway"
          ]
        }
      ]
    },
    {
      "module": "module.oke.module.base.module.vcn",
      "mode": "managed",
      "type": "oci_core_service_gateway",
      "name": "service_gateway",
      "provider": "provider[\"registry.terraform.io/hashicorp/oci\"]",
      "instances": [
        {
          "index_key": 0,
          "schema_version": 0,
          "attributes": {
            "block_traffic": false,
            "compartment_id": "ocid1.compartment.oc1..aaaaaaaawb5bs2tee5hxwyor7evurum3voo6eq5ub73a3fpxvuv4q5zmckra",
            "defined_tags": {
              "Oracle-Tags.CreatedBy": "oracleidentitycloudservice/francesco.costa@oracle.com",
              "Oracle-Tags.CreatedOn": "2021-07-21T21:09:46.660Z",
              "Schedule.AnyDay": "*,*,*,*,*,*,*,*,*,*,*,*,*,*,*,*,0,*,*,*,*,*,*,*"
            },
            "display_name": "dev-service-gateway",
            "freeform_tags": {
              "environment": "dev"
            },
            "id": "ocid1.servicegateway.oc1.eu-frankfurt-1.aaaaaaaa57ouqmdvdkldkkzfvzzuz2eqt6eahzjx2k2bbv2eftgisp2b5oaq",
            "route_table_id": null,
            "services": [
              {
                "service_id": "ocid1.service.oc1.eu-frankfurt-1.aaaaaaaa7ncsqkj6lkz36dehifizupyn6qjqsmtepsegs23yyntnsy7qrvea",
                "service_name": "All FRA Services In Oracle Services Network"
              }
            ],
            "state": "AVAILABLE",
            "time_created": "2021-07-21 21:09:47.273 +0000 UTC",
            "timeouts": null,
            "vcn_id": "ocid1.vcn.oc1.eu-frankfurt-1.amaaaaaazjgvoqyauyfhjdcajbxol4j3vuyeljoiccsivtjttraetb3oplca"
          },
          "sensitive_attributes": [],
          "private": "eyJlMmJmYjczMC1lY2FhLTExZTYtOGY4OC0zNDM2M2JjN2M0YzAiOnsiY3JlYXRlIjoxMjAwMDAwMDAwMDAwLCJkZWxldGUiOjEyMDAwMDAwMDAwMDAsInVwZGF0ZSI6MTIwMDAwMDAwMDAwMH19",
          "dependencies": [
            "module.oke.module.base.module.vcn.data.oci_core_services.all_oci_services",
            "module.oke.module.base.module.vcn.oci_core_vcn.vcn"
          ]
        }
      ]
    },
    {
      "module": "module.oke.module.base.module.vcn",
      "mode": "managed",
      "type": "oci_core_vcn",
      "name": "vcn",
      "provider": "provider[\"registry.terraform.io/hashicorp/oci\"]",
      "instances": [
        {
          "schema_version": 0,
          "attributes": {
            "cidr_block": "10.0.0.0/16",
            "cidr_blocks": [
              "10.0.0.0/16"
            ],
            "compartment_id": "ocid1.compartment.oc1..aaaaaaaawb5bs2tee5hxwyor7evurum3voo6eq5ub73a3fpxvuv4q5zmckra",
            "default_dhcp_options_id": "ocid1.dhcpoptions.oc1.eu-frankfurt-1.aaaaaaaaemd6wftdgj7roufr46wryczzvpqvqy2266utdprfvcppej6eacaq",
            "default_route_table_id": "ocid1.routetable.oc1.eu-frankfurt-1.aaaaaaaaguoxrg333d4yfdxjcgbjptsufmtx2bl2xx2v5v4joeokvhsmdy2q",
            "default_security_list_id": "ocid1.securitylist.oc1.eu-frankfurt-1.aaaaaaaazjbuqydnxkufossh5x7byh2yvuljajbqzzan6pn6zrj5qkrcjxoq",
            "defined_tags": {
              "Oracle-Tags.CreatedBy": "oracleidentitycloudservice/francesco.costa@oracle.com",
              "Oracle-Tags.CreatedOn": "2021-07-21T21:09:45.992Z",
              "Schedule.AnyDay": "*,*,*,*,*,*,*,*,*,*,*,*,*,*,*,*,0,*,*,*,*,*,*,*"
            },
            "display_name": "dev-oke vcn",
            "dns_label": "oke",
            "freeform_tags": {
              "environment": "dev"
            },
            "id": "ocid1.vcn.oc1.eu-frankfurt-1.amaaaaaazjgvoqyauyfhjdcajbxol4j3vuyeljoiccsivtjttraetb3oplca",
            "ipv6cidr_blocks": [],
            "is_ipv6enabled": false,
            "state": "AVAILABLE",
            "time_created": "2021-07-21 21:09:46.127 +0000 UTC",
            "timeouts": null,
            "vcn_domain_name": "oke.oraclevcn.com"
          },
          "sensitive_attributes": [],
          "private": "eyJlMmJmYjczMC1lY2FhLTExZTYtOGY4OC0zNDM2M2JjN2M0YzAiOnsiY3JlYXRlIjoxMjAwMDAwMDAwMDAwLCJkZWxldGUiOjEyMDAwMDAwMDAwMDAsInVwZGF0ZSI6MTIwMDAwMDAwMDAwMH19"
        }
      ]
    },
    {
      "module": "module.oke.module.network",
      "mode": "data",
      "type": "oci_waas_edge_subnets",
      "name": "waf_cidr_blocks",
      "provider": "provider[\"registry.terraform.io/hashicorp/oci\"]",
      "instances": [
        {
          "schema_version": 0,
          "attributes": {
            "edge_subnets": [
              {
                "cidr": "138.1.112.0/20",
                "region": "",
                "time_modified": "2021-04-16 14:48:44 +0000 UTC"
              },
              {
                "cidr": "192.29.140.0/22",
                "region": "",
                "time_modified": "2021-04-16 14:48:36 +0000 UTC"
              },
              {
                "cidr": "130.35.228.0/22",
                "region": "",
                "time_modified": "2021-04-16 14:48:22 +0000 UTC"
              },
              {
                "cidr": "129.148.156.0/22",
                "region": "",
                "time_modified": "2021-04-16 14:48:07 +0000 UTC"
              },
              {
                "cidr": "192.157.18.0/24",
                "region": "",
                "time_modified": "2020-12-18 14:48:51 +0000 UTC"
              },
              {
                "cidr": "192.157.19.0/24",
                "region": "",
                "time_modified": "2020-12-18 14:48:42 +0000 UTC"
              },
              {
                "cidr": "205.147.88.0/21",
                "region": "",
                "time_modified": "2020-12-18 14:48:34 +0000 UTC"
              },
              {
                "cidr": "192.69.118.0/23",
                "region": "",
                "time_modified": "2020-12-18 14:48:24 +0000 UTC"
              },
              {
                "cidr": "198.181.48.0/21",
                "region": "",
                "time_modified": "2020-12-18 14:48:16 +0000 UTC"
              },
              {
                "cidr": "199.195.6.0/23",
                "region": "",
                "time_modified": "2020-12-18 14:48:08 +0000 UTC"
              },
              {
                "cidr": "192.29.96.0/20",
                "region": "",
                "time_modified": "2020-12-18 14:47:58 +0000 UTC"
              },
              {
                "cidr": "147.154.96.0/19",
                "region": "",
                "time_modified": "2020-12-18 14:47:50 +0000 UTC"
              },
              {
                "cidr": "140.91.8.0/23",
                "region": "",
                "time_modified": "2020-12-18 14:47:43 +0000 UTC"
              },
              {
                "cidr": "140.91.4.0/22",
                "region": "",
                "time_modified": "2020-12-18 14:47:35 +0000 UTC"
              },
              {
                "cidr": "138.1.128.0/19",
                "region": "",
                "time_modified": "2020-12-18 14:47:26 +0000 UTC"
              },
              {
                "cidr": "138.1.32.0/21",
                "region": "",
                "time_modified": "2020-12-18 14:47:18 +0000 UTC"
              },
              {
                "cidr": "134.70.16.0/22",
                "region": "",
                "time_modified": "2020-12-18 14:47:10 +0000 UTC"
              },
              {
                "cidr": "134.70.8.0/21",
                "region": "",
                "time_modified": "2020-12-18 14:47:00 +0000 UTC"
              },
              {
                "cidr": "130.35.240.0/20",
                "region": "",
                "time_modified": "2020-12-18 14:46:53 +0000 UTC"
              },
              {
                "cidr": "130.35.128.0/20",
                "region": "",
                "time_modified": "2020-12-18 14:46:45 +0000 UTC"
              },
              {
                "cidr": "130.35.0.0/20",
                "region": "",
                "time_modified": "2020-12-18 14:46:37 +0000 UTC"
              },
              {
                "cidr": "129.146.14.128/25",
                "region": "",
                "time_modified": "2020-12-18 14:46:29 +0000 UTC"
              },
              {
                "cidr": "129.146.13.128/25",
                "region": "",
                "time_modified": "2020-12-18 14:46:18 +0000 UTC"
              },
              {
                "cidr": "129.146.12.128/25",
                "region": "",
                "time_modified": "2020-12-18 14:46:07 +0000 UTC"
              },
              {
                "cidr": "192.29.138.0/23",
                "region": "",
                "time_modified": "2020-12-18 14:45:57 +0000 UTC"
              },
              {
                "cidr": "192.29.128.0/21",
                "region": "",
                "time_modified": "2020-12-18 14:45:49 +0000 UTC"
              },
              {
                "cidr": "140.204.12.128/25",
                "region": "",
                "time_modified": "2020-12-18 14:45:41 +0000 UTC"
              },
              {
                "cidr": "140.91.34.0/23",
                "region": "",
                "time_modified": "2020-12-18 14:45:33 +0000 UTC"
              },
              {
                "cidr": "134.70.84.0/22",
                "region": "",
                "time_modified": "2020-12-18 14:45:25 +0000 UTC"
              },
              {
                "cidr": "147.154.80.0/21",
                "region": "",
                "time_modified": "2020-12-18 14:45:11 +0000 UTC"
              },
              {
                "cidr": "147.154.64.0/20",
                "region": "",
                "time_modified": "2020-12-18 14:45:04 +0000 UTC"
              },
              {
                "cidr": "147.154.0.0/18",
                "region": "",
                "time_modified": "2020-12-18 14:44:56 +0000 UTC"
              },
              {
                "cidr": "140.91.12.0/22",
                "region": "",
                "time_modified": "2020-12-18 14:44:49 +0000 UTC"
              },
              {
                "cidr": "140.91.10.0/23",
                "region": "",
                "time_modified": "2020-12-18 14:44:43 +0000 UTC"
              },
              {
                "cidr": "138.1.48.0/21",
                "region": "",
                "time_modified": "2020-12-18 14:44:34 +0000 UTC"
              },
              {
                "cidr": "134.70.32.0/22",
                "region": "",
                "time_modified": "2020-12-18 14:44:27 +0000 UTC"
              },
              {
                "cidr": "134.70.24.0/21",
                "region": "",
                "time_modified": "2020-12-18 14:44:19 +0000 UTC"
              },
              {
                "cidr": "130.35.232.0/21",
                "region": "",
                "time_modified": "2020-12-18 14:44:12 +0000 UTC"
              },
              {
                "cidr": "130.35.224.0/22",
                "region": "",
                "time_modified": "2020-12-18 14:44:05 +0000 UTC"
              },
              {
                "cidr": "130.35.192.0/19",
                "region": "",
                "time_modified": "2020-12-18 14:43:58 +0000 UTC"
              },
              {
                "cidr": "130.35.176.0/20",
                "region": "",
                "time_modified": "2020-12-18 14:43:51 +0000 UTC"
              },
              {
                "cidr": "130.35.144.0/20",
                "region": "",
                "time_modified": "2020-12-18 14:43:43 +0000 UTC"
              },
              {
                "cidr": "130.35.120.0/21",
                "region": "",
                "time_modified": "2020-12-18 14:43:36 +0000 UTC"
              },
              {
                "cidr": "130.35.96.0/20",
                "region": "",
                "time_modified": "2020-12-18 14:43:29 +0000 UTC"
              },
              {
                "cidr": "130.35.64.0/19",
                "region": "",
                "time_modified": "2020-12-18 14:43:22 +0000 UTC"
              },
              {
                "cidr": "130.35.48.0/20",
                "region": "",
                "time_modified": "2020-12-18 14:43:15 +0000 UTC"
              },
              {
                "cidr": "130.35.16.0/20",
                "region": "",
                "time_modified": "2020-12-18 14:43:08 +0000 UTC"
              },
              {
                "cidr": "129.213.4.128/25",
                "region": "",
                "time_modified": "2020-12-18 14:43:00 +0000 UTC"
              },
              {
                "cidr": "129.213.2.128/25",
                "region": "",
                "time_modified": "2020-12-18 14:42:53 +0000 UTC"
              },
              {
                "cidr": "129.213.0.128/25",
                "region": "",
                "time_modified": "2020-12-18 14:42:46 +0000 UTC"
              },
              {
                "cidr": "147.154.208.0/21",
                "region": "",
                "time_modified": "2020-12-18 14:42:37 +0000 UTC"
              },
              {
                "cidr": "147.154.192.0/20",
                "region": "",
                "time_modified": "2020-12-18 14:42:29 +0000 UTC"
              },
              {
                "cidr": "147.154.128.0/18",
                "region": "",
                "time_modified": "2020-12-18 14:42:23 +0000 UTC"
              },
              {
                "cidr": "138.1.192.0/20",
                "region": "",
                "time_modified": "2020-12-18 14:42:17 +0000 UTC"
              },
              {
                "cidr": "138.1.160.0/19",
                "region": "",
                "time_modified": "2020-12-18 14:42:09 +0000 UTC"
              },
              {
                "cidr": "138.1.104.0/22",
                "region": "",
                "time_modified": "2020-12-18 14:42:03 +0000 UTC"
              },
              {
                "cidr": "138.1.96.0/21",
                "region": "",
                "time_modified": "2020-12-18 14:41:54 +0000 UTC"
              },
              {
                "cidr": "138.1.64.0/20",
                "region": "",
                "time_modified": "2020-12-18 14:41:48 +0000 UTC"
              },
              {
                "cidr": "138.1.40.0/21",
                "region": "",
                "time_modified": "2020-12-18 14:41:40 +0000 UTC"
              },
              {
                "cidr": "138.1.0.0/20",
                "region": "",
                "time_modified": "2020-12-18 14:41:33 +0000 UTC"
              },
              {
                "cidr": "192.29.64.0/20",
                "region": "",
                "time_modified": "2020-12-18 14:41:25 +0000 UTC"
              },
              {
                "cidr": "192.29.0.0/20",
                "region": "",
                "time_modified": "2020-12-18 14:41:18 +0000 UTC"
              },
              {
                "cidr": "140.204.0.128/25",
                "region": "",
                "time_modified": "2020-12-18 14:41:09 +0000 UTC"
              },
              {
                "cidr": "140.91.28.0/23",
                "region": "",
                "time_modified": "2020-12-18 14:41:01 +0000 UTC"
              },
              {
                "cidr": "134.70.72.0/22",
                "region": "",
                "time_modified": "2020-12-18 14:40:53 +0000 UTC"
              },
              {
                "cidr": "192.29.44.0/25",
                "region": "",
                "time_modified": "2020-12-18 14:40:42 +0000 UTC"
              },
              {
                "cidr": "192.29.40.0/22",
                "region": "",
                "time_modified": "2020-12-18 14:40:34 +0000 UTC"
              },
              {
                "cidr": "192.29.32.0/21",
                "region": "",
                "time_modified": "2020-12-18 14:40:27 +0000 UTC"
              },
              {
                "cidr": "140.204.8.128/25",
                "region": "",
                "time_modified": "2020-12-18 14:40:19 +0000 UTC"
              },
              {
                "cidr": "140.91.32.0/23",
                "region": "",
                "time_modified": "2020-12-18 14:39:31 +0000 UTC"
              },
              {
                "cidr": "134.70.80.0/22",
                "region": "",
                "time_modified": "2020-12-18 14:39:24 +0000 UTC"
              },
              {
                "cidr": "147.154.224.0/19",
                "region": "",
                "time_modified": "2020-12-18 14:39:14 +0000 UTC"
              },
              {
                "cidr": "140.91.24.0/22",
                "region": "",
                "time_modified": "2020-12-18 14:39:07 +0000 UTC"
              },
              {
                "cidr": "140.91.22.0/23",
                "region": "",
                "time_modified": "2020-12-18 14:39:00 +0000 UTC"
              },
              {
                "cidr": "138.1.224.0/19",
                "region": "",
                "time_modified": "2020-12-18 14:38:52 +0000 UTC"
              },
              {
                "cidr": "138.1.208.0/20",
                "region": "",
                "time_modified": "2020-12-18 14:38:44 +0000 UTC"
              },
              {
                "cidr": "138.1.80.0/20",
                "region": "",
                "time_modified": "2020-12-18 14:38:36 +0000 UTC"
              },
              {
                "cidr": "138.1.16.0/20",
                "region": "",
                "time_modified": "2020-12-18 14:38:28 +0000 UTC"
              },
              {
                "cidr": "134.70.64.0/22",
                "region": "",
                "time_modified": "2020-12-18 14:38:21 +0000 UTC"
              },
              {
                "cidr": "134.70.56.0/21",
                "region": "",
                "time_modified": "2020-12-18 14:38:14 +0000 UTC"
              },
              {
                "cidr": "132.145.4.128/25",
                "region": "",
                "time_modified": "2020-12-18 14:38:05 +0000 UTC"
              },
              {
                "cidr": "132.145.2.128/25",
                "region": "",
                "time_modified": "2020-12-18 14:37:55 +0000 UTC"
              },
              {
                "cidr": "132.145.0.128/25",
                "region": "",
                "time_modified": "2020-12-18 14:37:48 +0000 UTC"
              },
              {
                "cidr": "130.35.116.0/25",
                "region": "",
                "time_modified": "2020-12-18 14:37:39 +0000 UTC"
              },
              {
                "cidr": "130.35.112.0/22",
                "region": "",
                "time_modified": "2020-12-18 14:37:30 +0000 UTC"
              },
              {
                "cidr": "192.29.16.0/20",
                "region": "",
                "time_modified": "2020-12-18 14:37:21 +0000 UTC"
              },
              {
                "cidr": "140.204.24.128/25",
                "region": "",
                "time_modified": "2020-12-18 14:37:13 +0000 UTC"
              },
              {
                "cidr": "140.91.40.0/23",
                "region": "",
                "time_modified": "2020-12-18 14:37:04 +0000 UTC"
              },
              {
                "cidr": "134.70.96.0/22",
                "region": "",
                "time_modified": "2020-12-18 14:36:56 +0000 UTC"
              },
              {
                "cidr": "192.29.172.0/25",
                "region": "",
                "time_modified": "2020-12-18 14:36:46 +0000 UTC"
              },
              {
                "cidr": "192.29.168.0/22",
                "region": "",
                "time_modified": "2020-12-18 14:36:40 +0000 UTC"
              },
              {
                "cidr": "192.29.160.0/21",
                "region": "",
                "time_modified": "2020-12-18 14:36:32 +0000 UTC"
              },
              {
                "cidr": "192.29.48.0/21",
                "region": "",
                "time_modified": "2020-12-18 14:36:25 +0000 UTC"
              },
              {
                "cidr": "140.204.4.128/25",
                "region": "",
                "time_modified": "2020-12-18 14:36:17 +0000 UTC"
              },
              {
                "cidr": "140.91.30.0/23",
                "region": "",
                "time_modified": "2020-12-18 14:36:10 +0000 UTC"
              },
              {
                "cidr": "134.70.76.0/22",
                "region": "",
                "time_modified": "2020-12-18 14:36:01 +0000 UTC"
              },
              {
                "cidr": "192.29.180.0/22",
                "region": "",
                "time_modified": "2020-12-18 14:35:52 +0000 UTC"
              },
              {
                "cidr": "192.29.178.0/25",
                "region": "",
                "time_modified": "2020-12-18 14:35:44 +0000 UTC"
              },
              {
                "cidr": "192.29.60.0/23",
                "region": "",
                "time_modified": "2020-12-18 14:35:37 +0000 UTC"
              },
              {
                "cidr": "192.29.56.0/21",
                "region": "",
                "time_modified": "2020-12-18 14:35:29 +0000 UTC"
              },
              {
                "cidr": "140.204.16.128/25",
                "region": "",
                "time_modified": "2020-12-18 14:35:20 +0000 UTC"
              },
              {
                "cidr": "140.91.36.0/23",
                "region": "",
                "time_modified": "2020-12-18 14:35:12 +0000 UTC"
              },
              {
                "cidr": "134.70.88.0/22",
                "region": "",
                "time_modified": "2020-12-18 14:35:03 +0000 UTC"
              },
              {
                "cidr": "192.29.152.0/22",
                "region": "",
                "time_modified": "2020-12-18 14:34:36 +0000 UTC"
              },
              {
                "cidr": "192.29.144.0/21",
                "region": "",
                "time_modified": "2020-12-18 14:34:27 +0000 UTC"
              },
              {
                "cidr": "140.204.20.128/25",
                "region": "",
                "time_modified": "2020-12-18 14:34:18 +0000 UTC"
              },
              {
                "cidr": "140.91.38.0/23",
                "region": "",
                "time_modified": "2020-12-18 14:34:10 +0000 UTC"
              },
              {
                "cidr": "134.70.92.0/22",
                "region": "",
                "time_modified": "2020-12-18 14:34:00 +0000 UTC"
              }
            ],
            "filter": null,
            "id": "WaasEdgeSubnetsDataSource-0"
          },
          "sensitive_attributes": []
        }
      ]
    },
    {
      "module": "module.oke.module.network",
      "mode": "managed",
      "type": "oci_core_security_list",
      "name": "pub_lb_seclist",
      "provider": "provider[\"registry.terraform.io/hashicorp/oci\"]",
      "instances": [
        {
          "index_key": 0,
          "schema_version": 0,
          "attributes": {
            "compartment_id": "ocid1.compartment.oc1..aaaaaaaawb5bs2tee5hxwyor7evurum3voo6eq5ub73a3fpxvuv4q5zmckra",
            "defined_tags": {},
            "display_name": "dev-pub-lb",
            "egress_security_rules": [
              {
                "description": "",
                "destination": "10.0.64.0/18",
                "destination_type": "CIDR_BLOCK",
                "icmp_options": [],
                "protocol": "6",
                "stateless": false,
                "tcp_options": [
                  {
                    "max": 10256,
                    "min": 10256,
                    "source_port_range": []
                  }
                ],
                "udp_options": []
              },
              {
                "description": "",
                "destination": "10.0.64.0/18",
                "destination_type": "CIDR_BLOCK",
                "icmp_options": [],
                "protocol": "6",
                "stateless": false,
                "tcp_options": [
                  {
                    "max": 31951,
                    "min": 31951,
                    "source_port_range": []
                  }
                ],
                "udp_options": []
              },
              {
                "description": "allow stateful egress to workers. required for NodePorts and load balancer http/tcp health checks",
                "destination": "10.0.64.0/18",
                "destination_type": "CIDR_BLOCK",
                "icmp_options": [],
                "protocol": "all",
                "stateless": false,
                "tcp_options": [],
                "udp_options": []
              }
            ],
            "freeform_tags": {},
            "id": "ocid1.securitylist.oc1.eu-frankfurt-1.aaaaaaaag7h5gyyg5xwreq5d5ybmy7glrwienfaf66y3hqreb5qiylqovawa",
            "ingress_security_rules": [
              {
                "description": "allow public ingress from anywhere on specified ports",
                "icmp_options": [],
                "protocol": "6",
                "source": "0.0.0.0/0",
                "source_type": "CIDR_BLOCK",
                "stateless": false,
                "tcp_options": [
                  {
                    "max": 443,
                    "min": 443,
                    "source_port_range": []
                  }
                ],
                "udp_options": []
              },
              {
                "description": "allow public ingress from anywhere on specified ports",
                "icmp_options": [],
                "protocol": "6",
                "source": "0.0.0.0/0",
                "source_type": "CIDR_BLOCK",
                "stateless": false,
                "tcp_options": [
                  {
                    "max": 80,
                    "min": 80,
                    "source_port_range": []
                  }
                ],
                "udp_options": []
              }
            ],
            "state": "AVAILABLE",
            "time_created": "2021-07-21 21:09:48.681 +0000 UTC",
            "timeouts": null,
            "vcn_id": "ocid1.vcn.oc1.eu-frankfurt-1.amaaaaaazjgvoqyauyfhjdcajbxol4j3vuyeljoiccsivtjttraetb3oplca"
          },
          "sensitive_attributes": [],
          "private": "eyJlMmJmYjczMC1lY2FhLTExZTYtOGY4OC0zNDM2M2JjN2M0YzAiOnsiY3JlYXRlIjoxMjAwMDAwMDAwMDAwLCJkZWxldGUiOjEyMDAwMDAwMDAwMDAsInVwZGF0ZSI6MTIwMDAwMDAwMDAwMH19",
          "dependencies": [
            "module.oke.module.base.module.vcn.data.oci_core_services.all_oci_services",
            "module.oke.module.base.module.vcn.oci_core_nat_gateway.nat_gateway",
            "module.oke.module.base.module.vcn.oci_core_service_gateway.service_gateway",
            "module.oke.module.network.data.oci_waas_edge_subnets.waf_cidr_blocks",
            "module.oke.module.base.module.vcn.oci_core_drg.drg",
            "module.oke.module.base.module.vcn.oci_core_internet_gateway.ig",
            "module.oke.module.base.module.vcn.oci_core_route_table.ig",
            "module.oke.module.base.module.vcn.oci_core_route_table.nat",
            "module.oke.module.base.module.vcn.oci_core_vcn.vcn"
          ]
        }
      ]
    },
    {
      "module": "module.oke.module.network",
      "mode": "managed",
      "type": "oci_core_subnet",
      "name": "pub_lb",
      "provider": "provider[\"registry.terraform.io/hashicorp/oci\"]",
      "instances": [
        {
          "index_key": 0,
          "schema_version": 0,
          "attributes": {
            "availability_domain": null,
            "cidr_block": "10.0.2.32/27",
            "compartment_id": "ocid1.compartment.oc1..aaaaaaaawb5bs2tee5hxwyor7evurum3voo6eq5ub73a3fpxvuv4q5zmckra",
            "defined_tags": {
              "Oracle-Tags.CreatedBy": "oracleidentitycloudservice/francesco.costa@oracle.com",
              "Oracle-Tags.CreatedOn": "2021-07-21T21:09:49.055Z",
              "Schedule.AnyDay": "*,*,*,*,*,*,*,*,*,*,*,*,*,*,*,*,0,*,*,*,*,*,*,*"
            },
            "dhcp_options_id": "ocid1.dhcpoptions.oc1.eu-frankfurt-1.aaaaaaaaemd6wftdgj7roufr46wryczzvpqvqy2266utdprfvcppej6eacaq",
            "display_name": "dev-pub_lb",
            "dns_label": "publb",
            "freeform_tags": {},
            "id": "ocid1.subnet.oc1.eu-frankfurt-1.aaaaaaaarmm7mntbqn44okun6qnbo2eo7y3w3ajk4jqh6zaeor7da2qvk72a",
            "ipv6cidr_block": null,
            "ipv6virtual_router_ip": null,
            "prohibit_internet_ingress": false,
            "prohibit_public_ip_on_vnic": false,
            "route_table_id": "ocid1.routetable.oc1.eu-frankfurt-1.aaaaaaaaujecduuabifrzfm2nb7lr622ji3nyhbk35fvpjbcl3vhorn67v6a",
            "security_list_ids": [
              "ocid1.securitylist.oc1.eu-frankfurt-1.aaaaaaaag7h5gyyg5xwreq5d5ybmy7glrwienfaf66y3hqreb5qiylqovawa"
            ],
            "state": "AVAILABLE",
            "subnet_domain_name": "publb.oke.oraclevcn.com",
            "time_created": "2021-07-21 21:09:49.922 +0000 UTC",
            "timeouts": null,
            "vcn_id": "ocid1.vcn.oc1.eu-frankfurt-1.amaaaaaazjgvoqyauyfhjdcajbxol4j3vuyeljoiccsivtjttraetb3oplca",
            "virtual_router_ip": "10.0.2.33",
            "virtual_router_mac": "00:00:17:3F:CF:A8"
          },
          "sensitive_attributes": [],
          "private": "eyJlMmJmYjczMC1lY2FhLTExZTYtOGY4OC0zNDM2M2JjN2M0YzAiOnsiY3JlYXRlIjoxMjAwMDAwMDAwMDAwLCJkZWxldGUiOjEyMDAwMDAwMDAwMDAsInVwZGF0ZSI6MTIwMDAwMDAwMDAwMH19",
          "dependencies": [
            "module.oke.module.base.module.vcn.oci_core_route_table.nat",
            "module.oke.module.base.module.vcn.oci_core_service_gateway.service_gateway",
            "module.oke.module.network.oci_core_security_list.pub_lb_seclist",
            "module.oke.module.base.module.vcn.oci_core_drg.drg",
            "module.oke.module.base.module.vcn.oci_core_internet_gateway.ig",
            "module.oke.module.base.module.vcn.oci_core_route_table.ig",
            "module.oke.module.network.data.oci_waas_edge_subnets.waf_cidr_blocks",
            "module.oke.module.base.module.vcn.data.oci_core_services.all_oci_services",
            "module.oke.module.base.module.vcn.oci_core_nat_gateway.nat_gateway",
            "module.oke.module.base.module.vcn.oci_core_vcn.vcn"
          ]
        }
      ]
    }
  ]
}
